
Microsoft Visual Studio Solution File, Format Version 12.00
# Visual Studio Version 17
VisualStudioVersion = 17.0.31903.59
MinimumVisualStudioVersion = 10.0.40219.1
Project("{2150E333-8FDC-42A3-9474-1A3956D46DE8}") = "src", "src", "{8BB4091C-72AF-43FF-8CE9-CD8A9BFDF097}"
EndProject
Project("{FAE04EC0-301F-11D3-BF4B-00C04F79EFBC}") = "Report.Console", "src\Report.Console\Report.Console.csproj", "{F0276BF0-F500-4F46-A179-49BF258AC729}"
EndProject
Global
	GlobalSection(SolutionConfigurationPlatforms) = preSolution
		Debug|Any CPU = Debug|Any CPU
		Release|Any CPU = Release|Any CPU
	EndGlobalSection
	GlobalSection(SolutionProperties) = preSolution
		HideSolutionNode = FALSE
	EndGlobalSection
	GlobalSection(ProjectConfigurationPlatforms) = postSolution
		{F0276BF0-F500-4F46-A179-49BF258AC729}.Debug|Any CPU.ActiveCfg = Debug|Any CPU
		{F0276BF0-F500-4F46-A179-49BF258AC729}.Debug|Any CPU.Build.0 = Debug|Any CPU
		{F0276BF0-F500-4F46-A179-49BF258AC729}.Release|Any CPU.ActiveCfg = Release|Any CPU
		{F0276BF0-F500-4F46-A179-49BF258AC729}.Release|Any CPU.Build.0 = Release|Any CPU
	EndGlobalSection
	GlobalSection(NestedProjects) = preSolution
		{F0276BF0-F500-4F46-A179-49BF258AC729} = {8BB4091C-72AF-43FF-8CE9-CD8A9BFDF097}
	EndGlobalSection
EndGlobal
